
Microsoft Visual Studio Solution File, Format Version 12.00
# Visual Studio Version 17
VisualStudioVersion = 17.12.35506.116
MinimumVisualStudioVersion = 10.0.40219.1
Project("{FAE04EC0-301F-11D3-BF4B-00C04F79EFBC}") = "MAUI.EFCore.Infrastructure", "MAUI.EFCore.Infrastructure\MAUI.EFCore.Infrastructure.csproj", "{27ACEC49-F79D-461E-AE69-521A12E02E25}"
EndProject
Project("{FAE04EC0-301F-11D3-BF4B-00C04F79EFBC}") = "MAUI.EFCore", "MAUI.EFCore\MAUI.EFCore.csproj", "{0E4322EF-169D-49FF-9C4A-9A867C60D7F7}"
EndProject
Project("{FAE04EC0-301F-11D3-BF4B-00C04F79EFBC}") = "MAUI.EFCore.Migrator", "MAUI.EFCore.Migrator\MAUI.EFCore.Migrator.csproj", "{804BCBE9-5891-4B9E-982A-D50DA28E949E}"
EndProject
Global
	GlobalSection(SolutionConfigurationPlatforms) = preSolution
		Debug|Any CPU = Debug|Any CPU
		Release|Any CPU = Release|Any CPU
	EndGlobalSection
	GlobalSection(ProjectConfigurationPlatforms) = postSolution
		{27ACEC49-F79D-461E-AE69-521A12E02E25}.Debug|Any CPU.ActiveCfg = Debug|Any CPU
		{27ACEC49-F79D-461E-AE69-521A12E02E25}.Debug|Any CPU.Build.0 = Debug|Any CPU
		{27ACEC49-F79D-461E-AE69-521A12E02E25}.Release|Any CPU.ActiveCfg = Release|Any CPU
		{27ACEC49-F79D-461E-AE69-521A12E02E25}.Release|Any CPU.Build.0 = Release|Any CPU
		{0E4322EF-169D-49FF-9C4A-9A867C60D7F7}.Debug|Any CPU.ActiveCfg = Debug|Any CPU
		{0E4322EF-169D-49FF-9C4A-9A867C60D7F7}.Debug|Any CPU.Build.0 = Debug|Any CPU
		{0E4322EF-169D-49FF-9C4A-9A867C60D7F7}.Release|Any CPU.ActiveCfg = Release|Any CPU
		{0E4322EF-169D-49FF-9C4A-9A867C60D7F7}.Release|Any CPU.Build.0 = Release|Any CPU
		{804BCBE9-5891-4B9E-982A-D50DA28E949E}.Debug|Any CPU.ActiveCfg = Debug|Any CPU
		{804BCBE9-5891-4B9E-982A-D50DA28E949E}.Debug|Any CPU.Build.0 = Debug|Any CPU
		{804BCBE9-5891-4B9E-982A-D50DA28E949E}.Release|Any CPU.ActiveCfg = Release|Any CPU
		{804BCBE9-5891-4B9E-982A-D50DA28E949E}.Release|Any CPU.Build.0 = Release|Any CPU
	EndGlobalSection
	GlobalSection(SolutionProperties) = preSolution
		HideSolutionNode = FALSE
	EndGlobalSection
EndGlobal
